
Microsoft Visual Studio Solution File, Format Version 12.00
# Visual Studio Version 16
VisualStudioVersion = 16.0.31025.194
MinimumVisualStudioVersion = 10.0.40219.1
Project("{FAE04EC0-301F-11D3-BF4B-00C04F79EFBC}") = "UserRegexUsingLambda", "UserRegexUsingLambda\UserRegexUsingLambda.csproj", "{2A37E73B-A162-4343-82C5-8A0BC7FC1448}"
EndProject
Project("{FAE04EC0-301F-11D3-BF4B-00C04F79EFBC}") = "MsTestUserRegex", "MsTestUserRegex\MsTestUserRegex.csproj", "{AEEED834-30D3-4335-8572-14C71541D460}"
EndProject
Global
	GlobalSection(SolutionConfigurationPlatforms) = preSolution
		Debug|Any CPU = Debug|Any CPU
		Release|Any CPU = Release|Any CPU
	EndGlobalSection
	GlobalSection(ProjectConfigurationPlatforms) = postSolution
		{2A37E73B-A162-4343-82C5-8A0BC7FC1448}.Debug|Any CPU.ActiveCfg = Debug|Any CPU
		{2A37E73B-A162-4343-82C5-8A0BC7FC1448}.Debug|Any CPU.Build.0 = Debug|Any CPU
		{2A37E73B-A162-4343-82C5-8A0BC7FC1448}.Release|Any CPU.ActiveCfg = Release|Any CPU
		{2A37E73B-A162-4343-82C5-8A0BC7FC1448}.Release|Any CPU.Build.0 = Release|Any CPU
		{AEEED834-30D3-4335-8572-14C71541D460}.Debug|Any CPU.ActiveCfg = Debug|Any CPU
		{AEEED834-30D3-4335-8572-14C71541D460}.Debug|Any CPU.Build.0 = Debug|Any CPU
		{AEEED834-30D3-4335-8572-14C71541D460}.Release|Any CPU.ActiveCfg = Release|Any CPU
		{AEEED834-30D3-4335-8572-14C71541D460}.Release|Any CPU.Build.0 = Release|Any CPU
	EndGlobalSection
	GlobalSection(SolutionProperties) = preSolution
		HideSolutionNode = FALSE
	EndGlobalSection
	GlobalSection(ExtensibilityGlobals) = postSolution
		SolutionGuid = {B3B7A75E-D5C9-42A5-BE17-C479E476C472}
	EndGlobalSection
EndGlobal
